
Microsoft Visual Studio Solution File, Format Version 12.00
# Visual Studio Version 16
VisualStudioVersion = 16.0.31729.503
MinimumVisualStudioVersion = 10.0.40219.1
Project("{FAE04EC0-301F-11D3-BF4B-00C04F79EFBC}") = "MouseTool", "MouseTool\MouseTool.csproj", "{A950AFC3-AD4C-42D9-B48C-2F75A72A76DF}"
EndProject
Global
	GlobalSection(SolutionConfigurationPlatforms) = preSolution
		Debug|Any CPU = Debug|Any CPU
		Release|Any CPU = Release|Any CPU
	EndGlobalSection
	GlobalSection(ProjectConfigurationPlatforms) = postSolution
		{A950AFC3-AD4C-42D9-B48C-2F75A72A76DF}.Debug|Any CPU.ActiveCfg = Debug|Any CPU
		{A950AFC3-AD4C-42D9-B48C-2F75A72A76DF}.Debug|Any CPU.Build.0 = Debug|Any CPU
		{A950AFC3-AD4C-42D9-B48C-2F75A72A76DF}.Release|Any CPU.ActiveCfg = Release|Any CPU
		{A950AFC3-AD4C-42D9-B48C-2F75A72A76DF}.Release|Any CPU.Build.0 = Release|Any CPU
	EndGlobalSection
	GlobalSection(SolutionProperties) = preSolution
		HideSolutionNode = FALSE
	EndGlobalSection
	GlobalSection(ExtensibilityGlobals) = postSolution
		SolutionGuid = {CF0CAEDE-A517-4D45-8915-65E5983AAF0F}
	EndGlobalSection
EndGlobal
